
Microsoft Visual Studio Solution File, Format Version 12.00
# Visual Studio Version 17
VisualStudioVersion = 17.8.34408.163
MinimumVisualStudioVersion = 10.0.40219.1
Project("{FAE04EC0-301F-11D3-BF4B-00C04F79EFBC}") = "TestSpotify", "TestSpotify\TestSpotify.csproj", "{4FCD20C7-678A-4506-B3B4-6F4223ED5E4F}"
EndProject
Global
	GlobalSection(SolutionConfigurationPlatforms) = preSolution
		Debug|Any CPU = Debug|Any CPU
		Release|Any CPU = Release|Any CPU
	EndGlobalSection
	GlobalSection(ProjectConfigurationPlatforms) = postSolution
		{4FCD20C7-678A-4506-B3B4-6F4223ED5E4F}.Debug|Any CPU.ActiveCfg = Debug|Any CPU
		{4FCD20C7-678A-4506-B3B4-6F4223ED5E4F}.Debug|Any CPU.Build.0 = Debug|Any CPU
		{4FCD20C7-678A-4506-B3B4-6F4223ED5E4F}.Release|Any CPU.ActiveCfg = Release|Any CPU
		{4FCD20C7-678A-4506-B3B4-6F4223ED5E4F}.Release|Any CPU.Build.0 = Release|Any CPU
	EndGlobalSection
	GlobalSection(SolutionProperties) = preSolution
		HideSolutionNode = FALSE
	EndGlobalSection
	GlobalSection(ExtensibilityGlobals) = postSolution
		SolutionGuid = {BC462FDE-A65F-469C-AC86-DE75B25B0447}
	EndGlobalSection
EndGlobal
